
Microsoft Visual Studio Solution File, Format Version 11.00
# Visual Studio 2010
Project("{FAE04EC0-301F-11D3-BF4B-00C04F79EFBC}") = "ComicDownloader", "ComicDownloader\ComicDownloader.csproj", "{E3BB4F32-9C5C-4F11-BF27-F79EED48AE21}"
EndProject
Global
	GlobalSection(SolutionConfigurationPlatforms) = preSolution
		Debug|x86 = Debug|x86
		Release|x86 = Release|x86
	EndGlobalSection
	GlobalSection(ProjectConfigurationPlatforms) = postSolution
		{E3BB4F32-9C5C-4F11-BF27-F79EED48AE21}.Debug|x86.ActiveCfg = Debug|x86
		{E3BB4F32-9C5C-4F11-BF27-F79EED48AE21}.Debug|x86.Build.0 = Debug|x86
		{E3BB4F32-9C5C-4F11-BF27-F79EED48AE21}.Release|x86.ActiveCfg = Release|x86
		{E3BB4F32-9C5C-4F11-BF27-F79EED48AE21}.Release|x86.Build.0 = Release|x86
	EndGlobalSection
	GlobalSection(SolutionProperties) = preSolution
		HideSolutionNode = FALSE
	EndGlobalSection
EndGlobal
